# Code generated by scarb DO NOT EDIT.
version = 1

[[package]]
name = "achievement"
version = "0.0.0"
source = "git+https://github.com/cartridge-gg/arcade?tag=v1.6.1#6438a74b589c3cac19b9782709e3845215ec67d6"
dependencies = [
 "dojo",
]

[[package]]
name = "dojo"
version = "1.6.1"
source = "git+https://github.com/dojoengine/dojo?tag=v1.6.1#a4f9445cf925e999d97038f596806ec307981a9b"
dependencies = [
 "dojo_plugin",
]

[[package]]
name = "dojo_cairo_test"
version = "1.6.1"
source = "git+https://github.com/dojoengine/dojo?tag=v1.6.1#a4f9445cf925e999d97038f596806ec307981a9b"
dependencies = [
 "dojo",
]

[[package]]
name = "dojo_plugin"
version = "2.10.1"
source = "git+https://github.com/dojoengine/dojo?tag=v1.6.1#a4f9445cf925e999d97038f596806ec307981a9b"

[[package]]
name = "graffiti"
version = "0.1.0"
source = "git+https://github.com/rsodre/graffiti?rev=url#e8b0854798ebbcebde504ea299ed556900564ff2"

[[package]]
name = "nft_combo"
version = "1.0.0"
source = "git+https://github.com/underware-gg/cairo-nft-combo?tag=v1.0.0#a70521897e115f3418e49ac78cfb693d185fed66"
dependencies = [
 "graffiti",
 "openzeppelin_introspection",
 "openzeppelin_token",
]

[[package]]
name = "openzeppelin_access"
version = "1.0.0"
source = "git+https://github.com/OpenZeppelin/cairo-contracts?tag=v1.0.0#755ce1adbf8d89ed23fbb8daa328fcbeab7c6424"
dependencies = [
 "openzeppelin_introspection",
 "openzeppelin_utils",
]

[[package]]
name = "openzeppelin_account"
version = "1.0.0"
source = "git+https://github.com/OpenZeppelin/cairo-contracts?tag=v1.0.0#755ce1adbf8d89ed23fbb8daa328fcbeab7c6424"
dependencies = [
 "openzeppelin_introspection",
 "openzeppelin_utils",
]

[[package]]
name = "openzeppelin_introspection"
version = "1.0.0"
source = "git+https://github.com/OpenZeppelin/cairo-contracts?tag=v1.0.0#755ce1adbf8d89ed23fbb8daa328fcbeab7c6424"

[[package]]
name = "openzeppelin_token"
version = "1.0.0"
source = "git+https://github.com/OpenZeppelin/cairo-contracts?tag=v1.0.0#755ce1adbf8d89ed23fbb8daa328fcbeab7c6424"
dependencies = [
 "openzeppelin_access",
 "openzeppelin_account",
 "openzeppelin_introspection",
 "openzeppelin_utils",
]

[[package]]
name = "openzeppelin_utils"
version = "1.0.0"
source = "git+https://github.com/OpenZeppelin/cairo-contracts?tag=v1.0.0#755ce1adbf8d89ed23fbb8daa328fcbeab7c6424"

[[package]]
name = "pistols"
version = "1.1.5"
dependencies = [
 "achievement",
 "dojo",
 "dojo_cairo_test",
 "graffiti",
 "nft_combo",
 "openzeppelin_introspection",
 "openzeppelin_token",
]
