# Code generated by scarb DO NOT EDIT.
version = 1

[[package]]
name = "achievement"
version = "0.0.0"
source = "git+https://github.com/rsodre/arcade?rev=dd076d8a628b011fdc4cbcca0de7ec523ecd1d66#dd076d8a628b011fdc4cbcca0de7ec523ecd1d66"
dependencies = [
 "dojo",
 "dojo_macros",
]

[[package]]
name = "dojo"
version = "1.7.0-alpha.4"
source = "git+https://github.com/dojoengine/dojo?tag=v1.7.0-alpha.4#7b78108ce7aea7753c0a9e34cb83465a76bbf2e4"
dependencies = [
 "dojo_macros",
]

[[package]]
name = "dojo_cairo_test"
version = "1.7.0-alpha.4"
source = "git+https://github.com/dojoengine/dojo?tag=v1.7.0-alpha.4#7b78108ce7aea7753c0a9e34cb83465a76bbf2e4"
dependencies = [
 "dojo",
]

[[package]]
name = "dojo_macros"
version = "1.7.0-alpha.4"
source = "git+https://github.com/dojoengine/dojo?tag=v1.7.0-alpha.4#7b78108ce7aea7753c0a9e34cb83465a76bbf2e4"

[[package]]
name = "graffiti"
version = "0.1.0"
source = "git+https://github.com/rsodre/graffiti?rev=url#e8b0854798ebbcebde504ea299ed556900564ff2"

[[package]]
name = "nft_combo"
version = "1.0.0"
source = "git+https://github.com/underware-gg/cairo-nft-combo?branch=v1.0.0_scarb_2.12.2#7769094f3b2481e0ff794c25d307705faef37590"
dependencies = [
 "graffiti",
 "openzeppelin_introspection",
 "openzeppelin_token",
]

[[package]]
name = "openzeppelin_access"
version = "1.0.0"
source = "git+https://github.com/OpenZeppelin/cairo-contracts?tag=v1.0.0#755ce1adbf8d89ed23fbb8daa328fcbeab7c6424"
dependencies = [
 "openzeppelin_introspection",
 "openzeppelin_utils",
]

[[package]]
name = "openzeppelin_account"
version = "1.0.0"
source = "git+https://github.com/OpenZeppelin/cairo-contracts?tag=v1.0.0#755ce1adbf8d89ed23fbb8daa328fcbeab7c6424"
dependencies = [
 "openzeppelin_introspection",
 "openzeppelin_utils",
]

[[package]]
name = "openzeppelin_introspection"
version = "1.0.0"
source = "git+https://github.com/OpenZeppelin/cairo-contracts?tag=v1.0.0#755ce1adbf8d89ed23fbb8daa328fcbeab7c6424"

[[package]]
name = "openzeppelin_token"
version = "1.0.0"
source = "git+https://github.com/OpenZeppelin/cairo-contracts?tag=v1.0.0#755ce1adbf8d89ed23fbb8daa328fcbeab7c6424"
dependencies = [
 "openzeppelin_access",
 "openzeppelin_account",
 "openzeppelin_introspection",
 "openzeppelin_utils",
]

[[package]]
name = "openzeppelin_utils"
version = "1.0.0"
source = "git+https://github.com/OpenZeppelin/cairo-contracts?tag=v1.0.0#755ce1adbf8d89ed23fbb8daa328fcbeab7c6424"

[[package]]
name = "pistols"
version = "1.1.10"
dependencies = [
 "achievement",
 "dojo",
 "dojo_cairo_test",
 "dojo_macros",
 "graffiti",
 "nft_combo",
 "openzeppelin_introspection",
 "openzeppelin_token",
]
