# Code generated by scarb DO NOT EDIT.
version = 1

[[package]]
name = "achievement"
version = "0.0.0"
source = "git+https://github.com/cartridge-gg/arcade?tag=v1.2.1#8b8ccea5ec85ae7f903903ced9cd16e16b8e47cb"
dependencies = [
 "dojo",
]

[[package]]
name = "dojo"
version = "1.2.1"
source = "git+https://github.com/dojoengine/dojo?tag=v1.2.1#3d4b1a3e662f70679813f9fb65c0b5c7fa5d6f0a"
dependencies = [
 "dojo_plugin",
]

[[package]]
name = "dojo_cairo_test"
version = "1.0.12"
source = "git+https://github.com/dojoengine/dojo?tag=v1.2.1#3d4b1a3e662f70679813f9fb65c0b5c7fa5d6f0a"
dependencies = [
 "dojo",
]

[[package]]
name = "dojo_plugin"
version = "2.9.2"
source = "git+https://github.com/dojoengine/dojo?tag=v1.2.1#3d4b1a3e662f70679813f9fb65c0b5c7fa5d6f0a"

[[package]]
name = "graffiti"
version = "0.1.0"
source = "git+https://github.com/rsodre/graffiti?rev=json2#8049f2d188e33ebfba2c35a56d4890fb6e62a34f"

[[package]]
name = "nft_combo"
version = "0.2.0"
source = "git+https://github.com/underware-gg/cairo-nft-combo?tag=v0.2.0#35f00591abded9b14d793fea63eac5a43fe152e2"
dependencies = [
 "graffiti",
 "openzeppelin_introspection",
 "openzeppelin_token",
]

[[package]]
name = "openzeppelin_access"
version = "0.20.0"
source = "git+https://github.com/OpenZeppelin/cairo-contracts?tag=v0.20.0#7756fd1de2b4ebd239fa6e372d75535cea02e5e5"
dependencies = [
 "openzeppelin_introspection",
]

[[package]]
name = "openzeppelin_account"
version = "0.20.0"
source = "git+https://github.com/OpenZeppelin/cairo-contracts?tag=v0.20.0#7756fd1de2b4ebd239fa6e372d75535cea02e5e5"
dependencies = [
 "openzeppelin_introspection",
 "openzeppelin_utils",
]

[[package]]
name = "openzeppelin_introspection"
version = "0.20.0"
source = "git+https://github.com/OpenZeppelin/cairo-contracts?tag=v0.20.0#7756fd1de2b4ebd239fa6e372d75535cea02e5e5"

[[package]]
name = "openzeppelin_token"
version = "0.20.0"
source = "git+https://github.com/OpenZeppelin/cairo-contracts?tag=v0.20.0#7756fd1de2b4ebd239fa6e372d75535cea02e5e5"
dependencies = [
 "openzeppelin_access",
 "openzeppelin_account",
 "openzeppelin_introspection",
 "openzeppelin_utils",
]

[[package]]
name = "openzeppelin_utils"
version = "0.20.0"
source = "git+https://github.com/OpenZeppelin/cairo-contracts?tag=v0.20.0#7756fd1de2b4ebd239fa6e372d75535cea02e5e5"

[[package]]
name = "pistols"
version = "0.13.0"
dependencies = [
 "achievement",
 "dojo",
 "dojo_cairo_test",
 "graffiti",
 "nft_combo",
 "openzeppelin_introspection",
 "openzeppelin_token",
]
